
Microsoft Visual Studio Solution File, Format Version 12.00
# Visual Studio 15
VisualStudioVersion = 15.0.27130.2010
MinimumVisualStudioVersion = 10.0.40219.1
Project("{FAE04EC0-301F-11D3-BF4B-00C04F79EFBC}") = "ConsoleApp1", "ConsoleApp1\ConsoleApp1.csproj", "{47B52A2C-7377-435F-8761-C9013CB2EE7E}"
EndProject
Project("{2150E333-8FDC-42A3-9474-1A3956D46DE8}") = "Solution Items", "Solution Items", "{7E8EA779-6C20-4505-83CE-071D65B79A1D}"
	ProjectSection(SolutionItems) = preProject
		addition.cs = addition.cs
	EndProjectSection
EndProject
Global
	GlobalSection(SolutionConfigurationPlatforms) = preSolution
		Debug|Any CPU = Debug|Any CPU
		Release|Any CPU = Release|Any CPU
	EndGlobalSection
	GlobalSection(ProjectConfigurationPlatforms) = postSolution
		{47B52A2C-7377-435F-8761-C9013CB2EE7E}.Debug|Any CPU.ActiveCfg = Debug|Any CPU
		{47B52A2C-7377-435F-8761-C9013CB2EE7E}.Debug|Any CPU.Build.0 = Debug|Any CPU
		{47B52A2C-7377-435F-8761-C9013CB2EE7E}.Release|Any CPU.ActiveCfg = Release|Any CPU
		{47B52A2C-7377-435F-8761-C9013CB2EE7E}.Release|Any CPU.Build.0 = Release|Any CPU
	EndGlobalSection
	GlobalSection(SolutionProperties) = preSolution
		HideSolutionNode = FALSE
	EndGlobalSection
	GlobalSection(ExtensibilityGlobals) = postSolution
		SolutionGuid = {0284BF83-D48E-47F5-8678-6405E92DA7F7}
	EndGlobalSection
EndGlobal
