
Microsoft Visual Studio Solution File, Format Version 12.00
# Visual Studio 15
VisualStudioVersion = 15.0.27130.2010
MinimumVisualStudioVersion = 10.0.40219.1
Project("{FAE04EC0-301F-11D3-BF4B-00C04F79EFBC}") = "Filter", "Filter\Filter.csproj", "{DAC98F00-06A3-420D-B87B-6623D7F4B701}"
EndProject
Global
	GlobalSection(SolutionConfigurationPlatforms) = preSolution
		Debug|Any CPU = Debug|Any CPU
		Release|Any CPU = Release|Any CPU
	EndGlobalSection
	GlobalSection(ProjectConfigurationPlatforms) = postSolution
		{DAC98F00-06A3-420D-B87B-6623D7F4B701}.Debug|Any CPU.ActiveCfg = Debug|Any CPU
		{DAC98F00-06A3-420D-B87B-6623D7F4B701}.Debug|Any CPU.Build.0 = Debug|Any CPU
		{DAC98F00-06A3-420D-B87B-6623D7F4B701}.Release|Any CPU.ActiveCfg = Release|Any CPU
		{DAC98F00-06A3-420D-B87B-6623D7F4B701}.Release|Any CPU.Build.0 = Release|Any CPU
	EndGlobalSection
	GlobalSection(SolutionProperties) = preSolution
		HideSolutionNode = FALSE
	EndGlobalSection
	GlobalSection(ExtensibilityGlobals) = postSolution
		SolutionGuid = {9F781E0A-0BC2-4D07-83B6-D6D83320B6D5}
	EndGlobalSection
EndGlobal
