
Microsoft Visual Studio Solution File, Format Version 12.00
# Visual Studio 15
VisualStudioVersion = 15.0.27130.2010
MinimumVisualStudioVersion = 10.0.40219.1
Project("{FAE04EC0-301F-11D3-BF4B-00C04F79EFBC}") = "SnakeTest", "SnakeTest\SnakeTest.csproj", "{0F481952-27E4-4D6C-9FEA-97AC0F22B8BE}"
EndProject
Global
	GlobalSection(SolutionConfigurationPlatforms) = preSolution
		Debug|Any CPU = Debug|Any CPU
		Release|Any CPU = Release|Any CPU
	EndGlobalSection
	GlobalSection(ProjectConfigurationPlatforms) = postSolution
		{0F481952-27E4-4D6C-9FEA-97AC0F22B8BE}.Debug|Any CPU.ActiveCfg = Debug|Any CPU
		{0F481952-27E4-4D6C-9FEA-97AC0F22B8BE}.Debug|Any CPU.Build.0 = Debug|Any CPU
		{0F481952-27E4-4D6C-9FEA-97AC0F22B8BE}.Release|Any CPU.ActiveCfg = Release|Any CPU
		{0F481952-27E4-4D6C-9FEA-97AC0F22B8BE}.Release|Any CPU.Build.0 = Release|Any CPU
	EndGlobalSection
	GlobalSection(SolutionProperties) = preSolution
		HideSolutionNode = FALSE
	EndGlobalSection
	GlobalSection(ExtensibilityGlobals) = postSolution
		SolutionGuid = {ED42EBCC-F120-4791-A5B9-E31FF3BA23E4}
	EndGlobalSection
EndGlobal
