
Microsoft Visual Studio Solution File, Format Version 12.00
# Visual Studio 15
VisualStudioVersion = 15.0.27130.2010
MinimumVisualStudioVersion = 10.0.40219.1
Project("{FAE04EC0-301F-11D3-BF4B-00C04F79EFBC}") = "End3", "End3\End3.csproj", "{8C1DB2F1-2101-4842-A95F-C4F889720CE0}"
EndProject
Global
	GlobalSection(SolutionConfigurationPlatforms) = preSolution
		Debug|Any CPU = Debug|Any CPU
		Release|Any CPU = Release|Any CPU
	EndGlobalSection
	GlobalSection(ProjectConfigurationPlatforms) = postSolution
		{8C1DB2F1-2101-4842-A95F-C4F889720CE0}.Debug|Any CPU.ActiveCfg = Debug|Any CPU
		{8C1DB2F1-2101-4842-A95F-C4F889720CE0}.Debug|Any CPU.Build.0 = Debug|Any CPU
		{8C1DB2F1-2101-4842-A95F-C4F889720CE0}.Release|Any CPU.ActiveCfg = Release|Any CPU
		{8C1DB2F1-2101-4842-A95F-C4F889720CE0}.Release|Any CPU.Build.0 = Release|Any CPU
	EndGlobalSection
	GlobalSection(SolutionProperties) = preSolution
		HideSolutionNode = FALSE
	EndGlobalSection
	GlobalSection(ExtensibilityGlobals) = postSolution
		SolutionGuid = {9DD6CA60-32ED-498D-8AA8-02DB2D2DDCB9}
	EndGlobalSection
EndGlobal
