
Microsoft Visual Studio Solution File, Format Version 12.00
# Visual Studio 15
VisualStudioVersion = 15.0.27130.2010
MinimumVisualStudioVersion = 10.0.40219.1
Project("{FAE04EC0-301F-11D3-BF4B-00C04F79EFBC}") = "Battleship", "Battleship\Battleship.csproj", "{6217DE66-4D97-4313-A132-509E7D18778E}"
EndProject
Global
	GlobalSection(SolutionConfigurationPlatforms) = preSolution
		Debug|Any CPU = Debug|Any CPU
		Release|Any CPU = Release|Any CPU
	EndGlobalSection
	GlobalSection(ProjectConfigurationPlatforms) = postSolution
		{6217DE66-4D97-4313-A132-509E7D18778E}.Debug|Any CPU.ActiveCfg = Debug|Any CPU
		{6217DE66-4D97-4313-A132-509E7D18778E}.Debug|Any CPU.Build.0 = Debug|Any CPU
		{6217DE66-4D97-4313-A132-509E7D18778E}.Release|Any CPU.ActiveCfg = Release|Any CPU
		{6217DE66-4D97-4313-A132-509E7D18778E}.Release|Any CPU.Build.0 = Release|Any CPU
	EndGlobalSection
	GlobalSection(SolutionProperties) = preSolution
		HideSolutionNode = FALSE
	EndGlobalSection
	GlobalSection(ExtensibilityGlobals) = postSolution
		SolutionGuid = {A8CF6409-AFCC-4CD8-A247-5AEA4C62A83C}
	EndGlobalSection
EndGlobal
