
Microsoft Visual Studio Solution File, Format Version 12.00
# Visual Studio 15
VisualStudioVersion = 15.0.27130.2010
MinimumVisualStudioVersion = 10.0.40219.1
Project("{FAE04EC0-301F-11D3-BF4B-00C04F79EFBC}") = "FileManager", "FileManager\FileManager.csproj", "{4FD52200-F8B8-416E-9CF5-81DC64BF73DC}"
EndProject
Global
	GlobalSection(SolutionConfigurationPlatforms) = preSolution
		Debug|Any CPU = Debug|Any CPU
		Release|Any CPU = Release|Any CPU
	EndGlobalSection
	GlobalSection(ProjectConfigurationPlatforms) = postSolution
		{4FD52200-F8B8-416E-9CF5-81DC64BF73DC}.Debug|Any CPU.ActiveCfg = Debug|Any CPU
		{4FD52200-F8B8-416E-9CF5-81DC64BF73DC}.Debug|Any CPU.Build.0 = Debug|Any CPU
		{4FD52200-F8B8-416E-9CF5-81DC64BF73DC}.Release|Any CPU.ActiveCfg = Release|Any CPU
		{4FD52200-F8B8-416E-9CF5-81DC64BF73DC}.Release|Any CPU.Build.0 = Release|Any CPU
	EndGlobalSection
	GlobalSection(SolutionProperties) = preSolution
		HideSolutionNode = FALSE
	EndGlobalSection
	GlobalSection(ExtensibilityGlobals) = postSolution
		SolutionGuid = {33760A60-8123-4FDB-9C41-31BD6E97916C}
	EndGlobalSection
EndGlobal
