
Microsoft Visual Studio Solution File, Format Version 12.00
# Visual Studio 15
VisualStudioVersion = 15.0.27130.2010
MinimumVisualStudioVersion = 10.0.40219.1
Project("{FAE04EC0-301F-11D3-BF4B-00C04F79EFBC}") = "Svetofor", "Svetofor\Svetofor.csproj", "{60FBEBE4-795E-4AAF-B6F2-81985012611E}"
EndProject
Global
	GlobalSection(SolutionConfigurationPlatforms) = preSolution
		Debug|Any CPU = Debug|Any CPU
		Release|Any CPU = Release|Any CPU
	EndGlobalSection
	GlobalSection(ProjectConfigurationPlatforms) = postSolution
		{60FBEBE4-795E-4AAF-B6F2-81985012611E}.Debug|Any CPU.ActiveCfg = Debug|Any CPU
		{60FBEBE4-795E-4AAF-B6F2-81985012611E}.Debug|Any CPU.Build.0 = Debug|Any CPU
		{60FBEBE4-795E-4AAF-B6F2-81985012611E}.Release|Any CPU.ActiveCfg = Release|Any CPU
		{60FBEBE4-795E-4AAF-B6F2-81985012611E}.Release|Any CPU.Build.0 = Release|Any CPU
	EndGlobalSection
	GlobalSection(SolutionProperties) = preSolution
		HideSolutionNode = FALSE
	EndGlobalSection
	GlobalSection(ExtensibilityGlobals) = postSolution
		SolutionGuid = {53CAE836-054C-4BBC-8205-771AF114BB7F}
	EndGlobalSection
EndGlobal
