
Microsoft Visual Studio Solution File, Format Version 12.00
# Visual Studio 15
VisualStudioVersion = 15.0.27130.2010
MinimumVisualStudioVersion = 10.0.40219.1
Project("{FAE04EC0-301F-11D3-BF4B-00C04F79EFBC}") = "Змейка", "Змейка\Змейка.csproj", "{0611F653-C1B5-4548-A4AB-B418BC3644BA}"
EndProject
Global
	GlobalSection(SolutionConfigurationPlatforms) = preSolution
		Debug|Any CPU = Debug|Any CPU
		Release|Any CPU = Release|Any CPU
	EndGlobalSection
	GlobalSection(ProjectConfigurationPlatforms) = postSolution
		{0611F653-C1B5-4548-A4AB-B418BC3644BA}.Debug|Any CPU.ActiveCfg = Debug|Any CPU
		{0611F653-C1B5-4548-A4AB-B418BC3644BA}.Debug|Any CPU.Build.0 = Debug|Any CPU
		{0611F653-C1B5-4548-A4AB-B418BC3644BA}.Release|Any CPU.ActiveCfg = Release|Any CPU
		{0611F653-C1B5-4548-A4AB-B418BC3644BA}.Release|Any CPU.Build.0 = Release|Any CPU
	EndGlobalSection
	GlobalSection(SolutionProperties) = preSolution
		HideSolutionNode = FALSE
	EndGlobalSection
	GlobalSection(ExtensibilityGlobals) = postSolution
		SolutionGuid = {EF7A9A00-CEAC-4DB1-8673-404CCA82ABF1}
	EndGlobalSection
EndGlobal
